github.com/go-log/log v0.1.0 h1:wudGTNsiGzrD5ZjgIkVZ517ugi2XRe9Q/xRCzwEO4/U=
github.com/go-log/log v0.1.0/go.mod h1:4mBwpdRMFLiuXZDCwU2lKQFsoSCo72j3HqBK9d81N2M=
github.com/golang/protobuf v1.2.0 h1:P3YflyNX/ehuJFLhxviNdFxQPkGK5cDcApsge1SqnvM=
github.com/golang/protobuf v1.2.0/go.mod h1:6lQm79b+lXiMfvg/cZm0SGofjICqVBUtrP5yJMmIC1U=
github.com/google/uuid v1.0.0 h1:b4Gk+7WdP/d3HZH8EJsZpvV7EtDOgaZLtnaNGIu1adA=
github.com/google/uuid v1.0.0/go.mod h1:TIyPZe4MgqvfeYDBFedMoGGpEw/LqOeaOT+nhxU+yHo=
github.com/hashicorp/consul v1.3.0 h1:0ihJs1J8ejURfAbwhwv+USnf4oyqfAddv/3xXXv4ltg=
github.com/hashicorp/consul v1.3.0/go.mod h1:mFrjN1mfidgJfYP1xrJCF+AfRhr6Eaqhb2+sfyn/OOI=
github.com/hashicorp/go-cleanhttp v0.5.0 h1:wvCrVc9TjDls6+YGAF2hAifE1E5U1+b4tH6KdvN3Gig=
github.com/hashicorp/go-cleanhttp v0.5.0/go.mod h1:JpRdi6/HCYpAwUzNwuwqhbovhLtngrth3wmdIIUrZ80=
github.com/hashicorp/go-rootcerts v0.0.0-20160503143440-6bb64b370b90 h1:9HVkPxOpo+yO93Ah4yrO67d/qh0fbLLWbKqhYjyHq9A=
github.com/hashicorp/go-rootcerts v0.0.0-20160503143440-6bb64b370b90/go.mod h1:o4zcYY1e0GEZI6eSEr+43QDYmuGglw1qSO6qdHUHCgg=
github.com/hashicorp/serf v0.8.1 h1:mYs6SMzu72+90OcPa5wr3nfznA4Dw9UyR791ZFNOIf4=
github.com/hashicorp/serf v0.8.1/go.mod h1:h/Ru6tmZazX7WO/GDmwdpS975F019L4t5ng5IgwbNrE=
github.com/micro/cli v0.0.0-20180830071301-8b9d33ec2f19 h1:yYBEdLtvpHSezqBvUkGHJynuhgAek5Uew5P3RG7teQw=
github.com/micro/cli v0.0.0-20180830071301-8b9d33ec2f19/go.mod h1:x9x6qy+tXv17jzYWQup462+j3SIUgDa6vVTzU4IXy/w=
github.com/micro/go-log v0.0.0-20170512141327-cbfa9447f9b6 h1:Nz+rX1q6rJLAQcLBB6maXYUmSvcdzJR2OArDKCDkco4=
github.com/micro/go-log v0.0.0-20170512141327-cbfa9447f9b6/go.mod h1:QikSuviYcIE8V0CY4e0RRqVs3Oh8EuzX+qCEOnh9Qh8=
github.com/micro/go-micro v0.12.0 h1:+o71C0D7dUtPd7+XOfnIRd21sXD7tXJ+RfgD1Dd38K4=
github.com/micro/go-micro v0.12.0/go.mod h1:3z3lfMkNU9Sr1L/CxL++8pVJmQapRo0N6kNjwYDtOVs=
github.com/micro/go-rcache v0.0.0-20180418165751-a581a57b5133 h1:hA0jzfRMat31ugTTK3BQfxGSuh7zD4Or/lEo/4edJiE=
github.com/micro/go-rcache v0.0.0-20180418165751-a581a57b5133/go.mod h1:CBzgfnsCYHcyLg1qeTShF0iDErQmcLmSt+SdwjLkckI=
github.com/micro/mdns v0.0.0-20160929165650-cdf30746f9f7 h1:DbCL1cj4e6CW1R+e+BMr39LG7Fg3g1kIla09CPKwgu0=
github.com/micro/mdns v0.0.0-20160929165650-cdf30746f9f7/go.mod h1:SQG6o/94RinohLuB5noHSevg2Iqg2wXLDUn4lj2LWWo=
github.com/micro/util v0.0.0-20180417104657-4b7ed83e8520 h1:UgysDrM51CTeMHo/KOasDrWvrE0K15xjnR/qLeuPRFg=
github.com/micro/util v0.0.0-20180417104657-4b7ed83e8520/go.mod h1:vxd7TGn28ynEMF4szG3PHTzgo3bx3FpfON9xpFsGc+g=
github.com/miekg/dns v1.0.14 h1:9jZdLNd/P4+SfEJ0TNyxYpsK8N4GtfylBLqtbYN1sbA=
github.com/miekg/dns v1.0.14/go.mod h1:W1PPwlIAgtquWBMBEV9nkV9Cazfe8ScdGz/Lj7v3Nrg=
github.com/mitchellh/hashstructure v1.0.0 h1:ZkRJX1CyOoTkar7p/mLS5TZU4nJ1Rn/F8u9dGS02Q3Y=
github.com/mitchellh/hashstructure v1.0.0/go.mod h1:QjSHrPWS+BGUVBYkbTZWEnOh3G1DutKwClXU/ABz6AQ=
github.com/mitchellh/mapstructure v1.1.2 h1:fmNYVwqnSfB9mZU6OS2O6GsXM+wcskZDuKQzvN1EDeE=
github.com/mitchellh/mapstructure v1.1.2/go.mod h1:FVVH3fgwuzCH5S8UJGiWEs2h04kUh9fWfEaFds41c1Y=
github.com/pborman/uuid v1.2.0 h1:J7Q5mO4ysT1dv8hyrUGHb9+ooztCXu1D8MY8DZYsu3g=
github.com/pborman/uuid v1.2.0/go.mod h1:X/NO0urCmaxf9VXbdlT7C2Yzkj2IKimNn4k+gtPdI/k=
github.com/pkg/errors v0.8.0 h1:WdK/asTD0HN+q6hsWO3/vpuAkAr+tw6aNJNDFFf0+qw=
github.com/pkg/errors v0.8.0/go.mod h1:bwawxfHBFNV+L2hUp1rHADufV3IMtnDRdf1r5NINEl0=
golang.org/x/crypto v0.0.0-20181029021203-45a5f77698d3 h1:KYQXGkl6vs02hK7pK4eIbw0NpNPedieTSTEiJ//bwGs=
golang.org/x/crypto v0.0.0-20181029021203-45a5f77698d3/go.mod h1:6SG95UA2DQfeDnfUPMdvaQW0Q7yPrPDi9nlGo2tz2b4=
golang.org/x/crypto v0.0.0-20181029103014-dab2b1051b5d h1:5JyY8HlzxzYI+qHOOciM8s2lJbIEaefMUdtYt7dRDrg=
golang.org/x/crypto v0.0.0-20181029103014-dab2b1051b5d/go.mod h1:6SG95UA2DQfeDnfUPMdvaQW0Q7yPrPDi9nlGo2tz2b4=
golang.org/x/net v0.0.0-20181029044818-c44066c5c816 h1:mVFkLpejdFLXVUv9E42f3XJVfMdqd0IVLVIVLjZWn5o=
golang.org/x/net v0.0.0-20181029044818-c44066c5c816/go.mod h1:mL1N/T3taQHkDXs73rZJwtUhF3w3ftmwwsq0BUmARs4=
golang.org/x/sys v0.0.0-20181026203630-95b1ffbd15a5 h1:x6r4Jo0KNzOOzYd8lbcRsqjuqEASK6ob3auvWYM4/8U=
golang.org/x/sys v0.0.0-20181026203630-95b1ffbd15a5/go.mod h1:STP8DvDyc/dI5b8T5hshtkjS+E42TnysNCUPdjciGhY=
